// !$*UTF8*$!
{
	archiveVersion = 1;
	classes = {
	};
	objectVersion = 50;
	objects = {

/* Begin PBXBuildFile section */
		91886DC42638F55900BDB3A4 /* AppDelegate.swift in Sources */ = {isa = PBXBuildFile; fileRef = 91886DC32638F55900BDB3A4 /* AppDelegate.swift */; };
		91886DC62638F55900BDB3A4 /* SceneDelegate.swift in Sources */ = {isa = PBXBuildFile; fileRef = 91886DC52638F55900BDB3A4 /* SceneDelegate.swift */; };
		91886DC82638F55900BDB3A4 /* ViewController.swift in Sources */ = {isa = PBXBuildFile; fileRef = 91886DC72638F55900BDB3A4 /* ViewController.swift */; };
		91886DCB2638F55900BDB3A4 /* Main.storyboard in Resources */ = {isa = PBXBuildFile; fileRef = 91886DC92638F55900BDB3A4 /* Main.storyboard */; };
		91886DCD2638F56000BDB3A4 /* Assets.xcassets in Resources */ = {isa = PBXBuildFile; fileRef = 91886DCC2638F56000BDB3A4 /* Assets.xcassets */; };
		91886DD02638F56000BDB3A4 /* LaunchScreen.storyboard in Resources */ = {isa = PBXBuildFile; fileRef = 91886DCE2638F56000BDB3A4 /* LaunchScreen.storyboard */; };
		91886DD92638F5E800BDB3A4 /* NoteViewController.swift in Sources */ = {isa = PBXBuildFile; fileRef = 91886DD82638F5E800BDB3A4 /* NoteViewController.swift */; };
		91886DDB2638F60900BDB3A4 /* EntryViewController.swift in Sources */ = {isa = PBXBuildFile; fileRef = 91886DDA2638F60900BDB3A4 /* EntryViewController.swift */; };
/* End PBXBuildFile section */

/* Begin PBXFileReference section */
		91886DC02638F55900BDB3A4 /* NoteApp.app */ = {isa = PBXFileReference; explicitFileType = wrapper.application; includeInIndex = 0; path = NoteApp.app; sourceTree = BUILT_PRODUCTS_DIR; };
		91886DC32638F55900BDB3A4 /* AppDelegate.swift */ = {isa = PBXFileReference; lastKnownFileType = sourcecode.swift; path = AppDelegate.swift; sourceTree = "<group>"; };
		91886DC52638F55900BDB3A4 /* SceneDelegate.swift */ = {isa = PBXFileReference; lastKnownFileType = sourcecode.swift; path = SceneDelegate.swift; sourceTree = "<group>"; };
		91886DC72638F55900BDB3A4 /* ViewController.swift */ = {isa = PBXFileReference; lastKnownFileType = sourcecode.swift; path = ViewController.swift; sourceTree = "<group>"; };
		91886DCA2638F55900BDB3A4 /* Base */ = {isa = PBXFileReference; lastKnownFileType = file.storyboard; name = Base; path = Base.lproj/Main.storyboard; sourceTree = "<group>"; };
		91886DCC2638F56000BDB3A4 /* Assets.xcassets */ = {isa = PBXFileReference; lastKnownFileType = folder.assetcatalog; path = Assets.xcassets; sourceTree = "<group>"; };
		91886DCF2638F56000BDB3A4 /* Base */ = {isa = PBXFileReference; lastKnownFileType = file.storyboard; name = Base; path = Base.lproj/LaunchScreen.storyboard; sourceTree = "<group>"; };
		91886DD12638F56000BDB3A4 /* Info.plist */ = {isa = PBXFileReference; lastKnownFileType = text.plist.xml; path = Info.plist; sourceTree = "<group>"; };
		91886DD82638F5E800BDB3A4 /* NoteViewController.swift */ = {isa = PBXFileReference; lastKnownFileType = sourcecode.swift; path = NoteViewController.swift; sourceTree = "<group>"; };
		91886DDA2638F60900BDB3A4 /* EntryViewController.swift */ = {isa = PBXFileReference; lastKnownFileType = sourcecode.swift; path = EntryViewController.swift; sourceTree = "<group>"; };
/* End PBXFileReference section */

/* Begin PBXFrameworksBuildPhase section */
		91886DBD2638F55900BDB3A4 /* Frameworks */ = {
			isa = PBXFrameworksBuildPhase;
			buildActionMask = 2147483647;
			files = (
			);
			runOnlyForDeploymentPostprocessing = 0;
		};
/* End PBXFrameworksBuildPhase section */

/* Begin PBXGroup section */
		91886DB72638F55900BDB3A4 = {
			isa = PBXGroup;
			children = (
				91886DC22638F55900BDB3A4 /* NoteApp */,
				91886DC12638F55900BDB3A4 /* Products */,
			);
			sourceTree = "<group>";
		};
		91886DC12638F55900BDB3A4 /* Products */ = {
			isa = PBXGroup;
			children = (
				91886DC02638F55900BDB3A4 /* NoteApp.app */,
			);
			name = Products;
			sourceTree = "<group>";
		};
		91886DC22638F55900BDB3A4 /* NoteApp */ = {
			isa = PBXGroup;
			children = (
				91886DD72638F57600BDB3A4 /* ViewControllers */,
				91886DC32638F55900BDB3A4 /* AppDelegate.swift */,
				91886DC52638F55900BDB3A4 /* SceneDelegate.swift */,
				91886DC92638F55900BDB3A4 /* Main.storyboard */,
				91886DCC2638F56000BDB3A4 /* Assets.xcassets */,
				91886DCE2638F56000BDB3A4 /* LaunchScreen.storyboard */,
				91886DD12638F56000BDB3A4 /* Info.plist */,
			);
			path = NoteApp;
			sourceTree = "<group>";
		};
		91886DD72638F57600BDB3A4 /* ViewControllers */ = {
			isa = PBXGroup;
			children = (
				91886DC72638F55900BDB3A4 /* ViewController.swift */,
				91886DD82638F5E800BDB3A4 /* NoteViewController.swift */,
				91886DDA2638F60900BDB3A4 /* EntryViewController.swift */,
			);
			path = ViewControllers;
			sourceTree = "<group>";
		};
/* End PBXGroup section */

/* Begin PBXNativeTarget section */
		91886DBF2638F55900BDB3A4 /* NoteApp */ = {
			isa = PBXNativeTarget;
			buildConfigurationList = 91886DD42638F56000BDB3A4 /* Build configuration list for PBXNativeTarget "NoteApp" */;
			buildPhases = (
				91886DBC2638F55900BDB3A4 /* Sources */,
				91886DBD2638F55900BDB3A4 /* Frameworks */,
				91886DBE2638F55900BDB3A4 /* Resources */,
			);
			buildRules = (
			);
			dependencies = (
			);
			name = NoteApp;
			productName = NoteApp;
			productReference = 91886DC02638F55900BDB3A4 /* NoteApp.app */;
			productType = "com.apple.product-type.application";
		};
/* End PBXNativeTarget section */

/* Begin PBXProject section */
		91886DB82638F55900BDB3A4 /* Project object */ = {
			isa = PBXProject;
			attributes = {
				LastSwiftUpdateCheck = 1250;
				LastUpgradeCheck = 1250;
				TargetAttributes = {
					91886DBF2638F55900BDB3A4 = {
						CreatedOnToolsVersion = 12.5;
					};
				};
			};
			buildConfigurationList = 91886DBB2638F55900BDB3A4 /* Build configuration list for PBXProject "NoteApp" */;
			compatibilityVersion = "Xcode 9.3";
			developmentRegion = en;
			hasScannedForEncodings = 0;
			knownRegions = (
				en,
				Base,
			);
			mainGroup = 91886DB72638F55900BDB3A4;
			productRefGroup = 91886DC12638F55900BDB3A4 /* Products */;
			projectDirPath = "";
			projectRoot = "";
			targets = (
				91886DBF2638F55900BDB3A4 /* NoteApp */,
			);
		};
/* End PBXProject section */

/* Begin PBXResourcesBuildPhase section */
		91886DBE2638F55900BDB3A4 /* Resources */ = {
			isa = PBXResourcesBuildPhase;
			buildActionMask = 2147483647;
			files = (
				91886DD02638F56000BDB3A4 /* LaunchScreen.storyboard in Resources */,
				91886DCD2638F56000BDB3A4 /* Assets.xcassets in Resources */,
				91886DCB2638F55900BDB3A4 /* Main.storyboard in Resources */,
			);
			runOnlyForDeploymentPostprocessing = 0;
		};
/* End PBXResourcesBuildPhase section */

/* Begin PBXSourcesBuildPhase section */
		91886DBC2638F55900BDB3A4 /* Sources */ = {
			isa = PBXSourcesBuildPhase;
			buildActionMask = 2147483647;
			files = (
				91886DD92638F5E800BDB3A4 /* NoteViewController.swift in Sources */,
				91886DDB2638F60900BDB3A4 /* EntryViewController.swift in Sources */,
				91886DC82638F55900BDB3A4 /* ViewController.swift in Sources */,
				91886DC42638F55900BDB3A4 /* AppDelegate.swift in Sources */,
				91886DC62638F55900BDB3A4 /* SceneDelegate.swift in Sources */,
			);
			runOnlyForDeploymentPostprocessing = 0;
		};
/* End PBXSourcesBuildPhase section */

/* Begin PBXVariantGroup section */
		91886DC92638F55900BDB3A4 /* Main.storyboard */ = {
			isa = PBXVariantGroup;
			children = (
				91886DCA2638F55900BDB3A4 /* Base */,
			);
			name = Main.storyboard;
			sourceTree = "<group>";
		};
		91886DCE2638F56000BDB3A4 /* LaunchScreen.storyboard */ = {
			isa = PBXVariantGroup;
			children = (
				91886DCF2638F56000BDB3A4 /* Base */,
			);
			name = LaunchScreen.storyboard;
			sourceTree = "<group>";
		};
/* End PBXVariantGroup section */

/* Begin XCBuildConfiguration section */
		91886DD22638F56000BDB3A4 /* Debug */ = {
			isa = XCBuildConfiguration;
			buildSettings = {
				ALWAYS_SEARCH_USER_PATHS = NO;
				CLANG_ANALYZER_NONNULL = YES;
				CLANG_ANALYZER_NUMBER_OBJECT_CONVERSION = YES_AGGRESSIVE;
				CLANG_CXX_LANGUAGE_STANDARD = "gnu++14";
				CLANG_CXX_LIBRARY = "libc++";
				CLANG_ENABLE_MODULES = YES;
				CLANG_ENABLE_OBJC_ARC = YES;
				CLANG_ENABLE_OBJC_WEAK = YES;
				CLANG_WARN_BLOCK_CAPTURE_AUTORELEASING = YES;
				CLANG_WARN_BOOL_CONVERSION = YES;
				CLANG_WARN_COMMA = YES;
				CLANG_WARN_CONSTANT_CONVERSION = YES;
				CLANG_WARN_DEPRECATED_OBJC_IMPLEMENTATIONS = YES;
				CLANG_WARN_DIRECT_OBJC_ISA_USAGE = YES_ERROR;
				CLANG_WARN_DOCUMENTATION_COMMENTS = YES;
				CLANG_WARN_EMPTY_BODY = YES;
				CLANG_WARN_ENUM_CONVERSION = YES;
				CLANG_WARN_INFINITE_RECURSION = YES;
				CLANG_WARN_INT_CONVERSION = YES;
				CLANG_WARN_NON_LITERAL_NULL_CONVERSION = YES;
				CLANG_WARN_OBJC_IMPLICIT_RETAIN_SELF = YES;
				CLANG_WARN_OBJC_LITERAL_CONVERSION = YES;
				CLANG_WARN_OBJC_ROOT_CLASS = YES_ERROR;
				CLANG_WARN_QUOTED_INCLUDE_IN_FRAMEWORK_HEADER = YES;
				CLANG_WARN_RANGE_LOOP_ANALYSIS = YES;
				CLANG_WARN_STRICT_PROTOTYPES = YES;
				CLANG_WARN_SUSPICIOUS_MOVE = YES;
				CLANG_WARN_UNGUARDED_AVAILABILITY = YES_AGGRESSIVE;
				CLANG_WARN_UNREACHABLE_CODE = YES;
				CLANG_WARN__DUPLICATE_METHOD_MATCH = YES;
				COPY_PHASE_STRIP = NO;
				DEBUG_INFORMATION_FORMAT = dwarf;
				ENABLE_STRICT_OBJC_MSGSEND = YES;
				ENABLE_TESTABILITY = YES;
				GCC_C_LANGUAGE_STANDARD = gnu11;
				GCC_DYNAMIC_NO_PIC = NO;
				GCC_NO_COMMON_BLOCKS = YES;
				GCC_OPTIMIZATION_LEVEL = 0;
				GCC_PREPROCESSOR_DEFINITIONS = (
					"DEBUG=1",
					"$(inherited)",
				);
				GCC_WARN_64_TO_32_BIT_CONVERSION = YES;
				GCC_WARN_ABOUT_RETURN_TYPE = YES_ERROR;
				GCC_WARN_UNDECLARED_SELECTOR = YES;
				GCC_WARN_UNINITIALIZED_AUTOS = YES_AGGRESSIVE;
				GCC_WARN_UNUSED_FUNCTION = YES;
				GCC_WARN_UNUSED_VARIABLE = YES;
				IPHONEOS_DEPLOYMENT_TARGET = 14.5;
				MTL_ENABLE_DEBUG_INFO = INCLUDE_SOURCE;
				MTL_FAST_MATH = YES;
				ONLY_ACTIVE_ARCH = YES;
				SDKROOT = iphoneos;
				SWIFT_ACTIVE_COMPILATION_CONDITIONS = DEBUG;
				SWIFT_OPTIMIZATION_LEVEL = "-Onone";
			};
			name = Debug;
		};
		91886DD32638F56000BDB3A4 /* Release */ = {
			isa = XCBuildConfiguration;
			buildSettings = {
				ALWAYS_SEARCH_USER_PATHS = NO;
				CLANG_ANALYZER_NONNULL = YES;
				CLANG_ANALYZER_NUMBER_OBJECT_CONVERSION = YES_AGGRESSIVE;
				CLANG_CXX_LANGUAGE_STANDARD = "gnu++14";
				CLANG_CXX_LIBRARY = "libc++";
				CLANG_ENABLE_MODULES = YES;
				CLANG_ENABLE_OBJC_ARC = YES;
				CLANG_ENABLE_OBJC_WEAK = YES;
				CLANG_WARN_BLOCK_CAPTURE_AUTORELEASING = YES;
				CLANG_WARN_BOOL_CONVERSION = YES;
				CLANG_WARN_COMMA = YES;
				CLANG_WARN_CONSTANT_CONVERSION = YES;
				CLANG_WARN_DEPRECATED_OBJC_IMPLEMENTATIONS = YES;
				CLANG_WARN_DIRECT_OBJC_ISA_USAGE = YES_ERROR;
				CLANG_WARN_DOCUMENTATION_COMMENTS = YES;
				CLANG_WARN_EMPTY_BODY = YES;
				CLANG_WARN_ENUM_CONVERSION = YES;
				CLANG_WARN_INFINITE_RECURSION = YES;
				CLANG_WARN_INT_CONVERSION = YES;
				CLANG_WARN_NON_LITERAL_NULL_CONVERSION = YES;
				CLANG_WARN_OBJC_IMPLICIT_RETAIN_SELF = YES;
				CLANG_WARN_OBJC_LITERAL_CONVERSION = YES;
				CLANG_WARN_OBJC_ROOT_CLASS = YES_ERROR;
				CLANG_WARN_QUOTED_INCLUDE_IN_FRAMEWORK_HEADER = YES;
				CLANG_WARN_RANGE_LOOP_ANALYSIS = YES;
				CLANG_WARN_STRICT_PROTOTYPES = YES;
				CLANG_WARN_SUSPICIOUS_MOVE = YES;
				CLANG_WARN_UNGUARDED_AVAILABILITY = YES_AGGRESSIVE;
				CLANG_WARN_UNREACHABLE_CODE = YES;
				CLANG_WARN__DUPLICATE_METHOD_MATCH = YES;
				COPY_PHASE_STRIP = NO;
				DEBUG_INFORMATION_FORMAT = "dwarf-with-dsym";
				ENABLE_NS_ASSERTIONS = NO;
				ENABLE_STRICT_OBJC_MSGSEND = YES;
				GCC_C_LANGUAGE_STANDARD = gnu11;
				GCC_NO_COMMON_BLOCKS = YES;
				GCC_WARN_64_TO_32_BIT_CONVERSION = YES;
				GCC_WARN_ABOUT_RETURN_TYPE = YES_ERROR;
				GCC_WARN_UNDECLARED_SELECTOR = YES;
				GCC_WARN_UNINITIALIZED_AUTOS = YES_AGGRESSIVE;
				GCC_WARN_UNUSED_FUNCTION = YES;
				GCC_WARN_UNUSED_VARIABLE = YES;
				IPHONEOS_DEPLOYMENT_TARGET = 14.5;
				MTL_ENABLE_DEBUG_INFO = NO;
				MTL_FAST_MATH = YES;
				SDKROOT = iphoneos;
				SWIFT_COMPILATION_MODE = wholemodule;
				SWIFT_OPTIMIZATION_LEVEL = "-O";
				VALIDATE_PRODUCT = YES;
			};
			name = Release;
		};
		91886DD52638F56000BDB3A4 /* Debug */ = {
			isa = XCBuildConfiguration;
			buildSettings = {
				ASSETCATALOG_COMPILER_APPICON_NAME = AppIcon;
				ASSETCATALOG_COMPILER_GLOBAL_ACCENT_COLOR_NAME = AccentColor;
				CODE_SIGN_STYLE = Automatic;
				DEVELOPMENT_TEAM = 9958F8RBQ9;
				INFOPLIST_FILE = NoteApp/Info.plist;
				LD_RUNPATH_SEARCH_PATHS = (
					"$(inherited)",
					"@executable_path/Frameworks",
				);
				PRODUCT_BUNDLE_IDENTIFIER = com.dasGarmi.NoteApp;
				PRODUCT_NAME = "$(TARGET_NAME)";
				SWIFT_VERSION = 5.0;
				TARGETED_DEVICE_FAMILY = "1,2";
			};
			name = Debug;
		};
		91886DD62638F56000BDB3A4 /* Release */ = {
			isa = XCBuildConfiguration;
			buildSettings = {
				ASSETCATALOG_COMPILER_APPICON_NAME = AppIcon;
				ASSETCATALOG_COMPILER_GLOBAL_ACCENT_COLOR_NAME = AccentColor;
				CODE_SIGN_STYLE = Automatic;
				DEVELOPMENT_TEAM = 9958F8RBQ9;
				INFOPLIST_FILE = NoteApp/Info.plist;
				LD_RUNPATH_SEARCH_PATHS = (
					"$(inherited)",
					"@executable_path/Frameworks",
				);
				PRODUCT_BUNDLE_IDENTIFIER = com.dasGarmi.NoteApp;
				PRODUCT_NAME = "$(TARGET_NAME)";
				SWIFT_VERSION = 5.0;
				TARGETED_DEVICE_FAMILY = "1,2";
			};
			name = Release;
		};
/* End XCBuildConfiguration section */

/* Begin XCConfigurationList section */
		91886DBB2638F55900BDB3A4 /* Build configuration list for PBXProject "NoteApp" */ = {
			isa = XCConfigurationList;
			buildConfigurations = (
				91886DD22638F56000BDB3A4 /* Debug */,
				91886DD32638F56000BDB3A4 /* Release */,
			);
			defaultConfigurationIsVisible = 0;
			defaultConfigurationName = Release;
		};
		91886DD42638F56000BDB3A4 /* Build configuration list for PBXNativeTarget "NoteApp" */ = {
			isa = XCConfigurationList;
			buildConfigurations = (
				91886DD52638F56000BDB3A4 /* Debug */,
				91886DD62638F56000BDB3A4 /* Release */,
			);
			defaultConfigurationIsVisible = 0;
			defaultConfigurationName = Release;
		};
/* End XCConfigurationList section */
	};
	rootObject = 91886DB82638F55900BDB3A4 /* Project object */;
}
